// !$*UTF8*$!
{
	archiveVersion = 1;
	classes = {
	};
	objectVersion = 55;
	objects = {

/* Begin PBXBuildFile section */
		9A5190E9273841F500E316DA /* DBController.swift in Sources */ = {isa = PBXBuildFile; fileRef = 9A5190E8273841F500E316DA /* DBController.swift */; };
		9A5190EC2738428B00E316DA /* CurrencyModel.swift in Sources */ = {isa = PBXBuildFile; fileRef = 9A5190EB2738428B00E316DA /* CurrencyModel.swift */; };
		C0557177C459D64AC9CD56B3 /* Pods_CurrencyConversionIOSApp.framework in Frameworks */ = {isa = PBXBuildFile; fileRef = A7E706AD9373C86FD2F97598 /* Pods_CurrencyConversionIOSApp.framework */; };
		F4C4BF60273791B200DB13E8 /* Custom_Sweet_alert.swift in Sources */ = {isa = PBXBuildFile; fileRef = F4C4BF5F273791B200DB13E8 /* Custom_Sweet_alert.swift */; };
		F4C4BF622737937D00DB13E8 /* CurrencyProtocol.swift in Sources */ = {isa = PBXBuildFile; fileRef = F4C4BF612737937D00DB13E8 /* CurrencyProtocol.swift */; };
		F4C4BF64273793CB00DB13E8 /* CurrencyResponse.swift in Sources */ = {isa = PBXBuildFile; fileRef = F4C4BF63273793CB00DB13E8 /* CurrencyResponse.swift */; };
		F4C4BF66273798E700DB13E8 /* CurrencyViewModel.swift in Sources */ = {isa = PBXBuildFile; fileRef = F4C4BF65273798E700DB13E8 /* CurrencyViewModel.swift */; };
		F4C4BF682737A10D00DB13E8 /* Custom_Progress_bar.swift in Sources */ = {isa = PBXBuildFile; fileRef = F4C4BF672737A10D00DB13E8 /* Custom_Progress_bar.swift */; };
		F4C4BF6A2737A26800DB13E8 /* CheckNetwork.swift in Sources */ = {isa = PBXBuildFile; fileRef = F4C4BF692737A26800DB13E8 /* CheckNetwork.swift */; };
		F4F0339A273785D7004D685C /* AppDelegate.swift in Sources */ = {isa = PBXBuildFile; fileRef = F4F03399273785D7004D685C /* AppDelegate.swift */; };
		F4F0339C273785D7004D685C /* SceneDelegate.swift in Sources */ = {isa = PBXBuildFile; fileRef = F4F0339B273785D7004D685C /* SceneDelegate.swift */; };
		F4F0339E273785D7004D685C /* ViewController.swift in Sources */ = {isa = PBXBuildFile; fileRef = F4F0339D273785D7004D685C /* ViewController.swift */; };
		F4F033A1273785D7004D685C /* Main.storyboard in Resources */ = {isa = PBXBuildFile; fileRef = F4F0339F273785D7004D685C /* Main.storyboard */; };
		F4F033A4273785D7004D685C /* CurrencyConversionIOSApp.xcdatamodeld in Sources */ = {isa = PBXBuildFile; fileRef = F4F033A2273785D7004D685C /* CurrencyConversionIOSApp.xcdatamodeld */; };
		F4F033A6273785D8004D685C /* Assets.xcassets in Resources */ = {isa = PBXBuildFile; fileRef = F4F033A5273785D8004D685C /* Assets.xcassets */; };
		F4F033A9273785D8004D685C /* LaunchScreen.storyboard in Resources */ = {isa = PBXBuildFile; fileRef = F4F033A7273785D8004D685C /* LaunchScreen.storyboard */; };
		F4F033B327378D50004D685C /* IpConfig.swift in Sources */ = {isa = PBXBuildFile; fileRef = F4F033B227378D50004D685C /* IpConfig.swift */; };
		F4F033B727378DD7004D685C /* Constants.swift in Sources */ = {isa = PBXBuildFile; fileRef = F4F033B627378DD7004D685C /* Constants.swift */; };
		F4F033BC27378FB0004D685C /* SweetAlert.swift in Sources */ = {isa = PBXBuildFile; fileRef = F4F033BB27378FB0004D685C /* SweetAlert.swift */; };
/* End PBXBuildFile section */

/* Begin PBXFileReference section */
		16558D149ED110C8895AB002 /* Pods-CurrencyConversionIOSApp.release.xcconfig */ = {isa = PBXFileReference; includeInIndex = 1; lastKnownFileType = text.xcconfig; name = "Pods-CurrencyConversionIOSApp.release.xcconfig"; path = "Target Support Files/Pods-CurrencyConversionIOSApp/Pods-CurrencyConversionIOSApp.release.xcconfig"; sourceTree = "<group>"; };
		9A5190E8273841F500E316DA /* DBController.swift */ = {isa = PBXFileReference; lastKnownFileType = sourcecode.swift; path = DBController.swift; sourceTree = "<group>"; };
		9A5190EB2738428B00E316DA /* CurrencyModel.swift */ = {isa = PBXFileReference; lastKnownFileType = sourcecode.swift; path = CurrencyModel.swift; sourceTree = "<group>"; };
		9E7B081B70FD5D42850148B0 /* Pods-CurrencyConversionIOSApp.debug.xcconfig */ = {isa = PBXFileReference; includeInIndex = 1; lastKnownFileType = text.xcconfig; name = "Pods-CurrencyConversionIOSApp.debug.xcconfig"; path = "Target Support Files/Pods-CurrencyConversionIOSApp/Pods-CurrencyConversionIOSApp.debug.xcconfig"; sourceTree = "<group>"; };
		A7E706AD9373C86FD2F97598 /* Pods_CurrencyConversionIOSApp.framework */ = {isa = PBXFileReference; explicitFileType = wrapper.framework; includeInIndex = 0; path = Pods_CurrencyConversionIOSApp.framework; sourceTree = BUILT_PRODUCTS_DIR; };
		F4C4BF5F273791B200DB13E8 /* Custom_Sweet_alert.swift */ = {isa = PBXFileReference; lastKnownFileType = sourcecode.swift; path = Custom_Sweet_alert.swift; sourceTree = "<group>"; };
		F4C4BF612737937D00DB13E8 /* CurrencyProtocol.swift */ = {isa = PBXFileReference; lastKnownFileType = sourcecode.swift; path = CurrencyProtocol.swift; sourceTree = "<group>"; };
		F4C4BF63273793CB00DB13E8 /* CurrencyResponse.swift */ = {isa = PBXFileReference; lastKnownFileType = sourcecode.swift; path = CurrencyResponse.swift; sourceTree = "<group>"; };
		F4C4BF65273798E700DB13E8 /* CurrencyViewModel.swift */ = {isa = PBXFileReference; lastKnownFileType = sourcecode.swift; path = CurrencyViewModel.swift; sourceTree = "<group>"; };
		F4C4BF672737A10D00DB13E8 /* Custom_Progress_bar.swift */ = {isa = PBXFileReference; lastKnownFileType = sourcecode.swift; path = Custom_Progress_bar.swift; sourceTree = "<group>"; };
		F4C4BF692737A26800DB13E8 /* CheckNetwork.swift */ = {isa = PBXFileReference; lastKnownFileType = sourcecode.swift; path = CheckNetwork.swift; sourceTree = "<group>"; };
		F4F03396273785D7004D685C /* CurrencyConversionIOSApp.app */ = {isa = PBXFileReference; explicitFileType = wrapper.application; includeInIndex = 0; path = CurrencyConversionIOSApp.app; sourceTree = BUILT_PRODUCTS_DIR; };
		F4F03399273785D7004D685C /* AppDelegate.swift */ = {isa = PBXFileReference; lastKnownFileType = sourcecode.swift; path = AppDelegate.swift; sourceTree = "<group>"; };
		F4F0339B273785D7004D685C /* SceneDelegate.swift */ = {isa = PBXFileReference; lastKnownFileType = sourcecode.swift; path = SceneDelegate.swift; sourceTree = "<group>"; };
		F4F0339D273785D7004D685C /* ViewController.swift */ = {isa = PBXFileReference; lastKnownFileType = sourcecode.swift; path = ViewController.swift; sourceTree = "<group>"; };
		F4F033A0273785D7004D685C /* Base */ = {isa = PBXFileReference; lastKnownFileType = file.storyboard; name = Base; path = Base.lproj/Main.storyboard; sourceTree = "<group>"; };
		F4F033A3273785D7004D685C /* CurrencyConversionIOSApp.xcdatamodel */ = {isa = PBXFileReference; lastKnownFileType = wrapper.xcdatamodel; path = CurrencyConversionIOSApp.xcdatamodel; sourceTree = "<group>"; };
		F4F033A5273785D8004D685C /* Assets.xcassets */ = {isa = PBXFileReference; lastKnownFileType = folder.assetcatalog; path = Assets.xcassets; sourceTree = "<group>"; };
		F4F033A8273785D8004D685C /* Base */ = {isa = PBXFileReference; lastKnownFileType = file.storyboard; name = Base; path = Base.lproj/LaunchScreen.storyboard; sourceTree = "<group>"; };
		F4F033AA273785D8004D685C /* Info.plist */ = {isa = PBXFileReference; lastKnownFileType = text.plist.xml; path = Info.plist; sourceTree = "<group>"; };
		F4F033B227378D50004D685C /* IpConfig.swift */ = {isa = PBXFileReference; lastKnownFileType = sourcecode.swift; path = IpConfig.swift; sourceTree = "<group>"; };
		F4F033B627378DD7004D685C /* Constants.swift */ = {isa = PBXFileReference; lastKnownFileType = sourcecode.swift; path = Constants.swift; sourceTree = "<group>"; };
		F4F033BB27378FB0004D685C /* SweetAlert.swift */ = {isa = PBXFileReference; lastKnownFileType = sourcecode.swift; path = SweetAlert.swift; sourceTree = "<group>"; };
/* End PBXFileReference section */

/* Begin PBXFrameworksBuildPhase section */
		F4F03393273785D7004D685C /* Frameworks */ = {
			isa = PBXFrameworksBuildPhase;
			buildActionMask = 2147483647;
			files = (
				C0557177C459D64AC9CD56B3 /* Pods_CurrencyConversionIOSApp.framework in Frameworks */,
			);
			runOnlyForDeploymentPostprocessing = 0;
		};
/* End PBXFrameworksBuildPhase section */

/* Begin PBXGroup section */
		28ABB54EC96E9B66713A6BA3 /* Frameworks */ = {
			isa = PBXGroup;
			children = (
				A7E706AD9373C86FD2F97598 /* Pods_CurrencyConversionIOSApp.framework */,
			);
			name = Frameworks;
			sourceTree = "<group>";
		};
		4FE4E02F02C66426400CC7B4 /* Pods */ = {
			isa = PBXGroup;
			children = (
				9E7B081B70FD5D42850148B0 /* Pods-CurrencyConversionIOSApp.debug.xcconfig */,
				16558D149ED110C8895AB002 /* Pods-CurrencyConversionIOSApp.release.xcconfig */,
			);
			path = Pods;
			sourceTree = "<group>";
		};
		9A5190EA2738425400E316DA /* coreData */ = {
			isa = PBXGroup;
			children = (
				9A5190E8273841F500E316DA /* DBController.swift */,
				9A5190EB2738428B00E316DA /* CurrencyModel.swift */,
			);
			path = coreData;
			sourceTree = "<group>";
		};
		F4F0338D273785D7004D685C = {
			isa = PBXGroup;
			children = (
				F4F03398273785D7004D685C /* CurrencyConversionIOSApp */,
				F4F03397273785D7004D685C /* Products */,
				4FE4E02F02C66426400CC7B4 /* Pods */,
				28ABB54EC96E9B66713A6BA3 /* Frameworks */,
			);
			sourceTree = "<group>";
		};
		F4F03397273785D7004D685C /* Products */ = {
			isa = PBXGroup;
			children = (
				F4F03396273785D7004D685C /* CurrencyConversionIOSApp.app */,
			);
			name = Products;
			sourceTree = "<group>";
		};
		F4F03398273785D7004D685C /* CurrencyConversionIOSApp */ = {
			isa = PBXGroup;
			children = (
				9A5190EA2738425400E316DA /* coreData */,
				F4F033BA27378EF3004D685C /* library */,
				F4F033B927378EB9004D685C /* protocol */,
				F4F033B827378EA9004D685C /* viewmodel */,
				F4F033B127378D2E004D685C /* util */,
				F4F033B027378D21004D685C /* response */,
				F4F03399273785D7004D685C /* AppDelegate.swift */,
				F4F0339B273785D7004D685C /* SceneDelegate.swift */,
				F4F0339D273785D7004D685C /* ViewController.swift */,
				F4F0339F273785D7004D685C /* Main.storyboard */,
				F4F033A5273785D8004D685C /* Assets.xcassets */,
				F4F033A7273785D8004D685C /* LaunchScreen.storyboard */,
				F4F033AA273785D8004D685C /* Info.plist */,
				F4F033A2273785D7004D685C /* CurrencyConversionIOSApp.xcdatamodeld */,
			);
			path = CurrencyConversionIOSApp;
			sourceTree = "<group>";
		};
		F4F033B027378D21004D685C /* response */ = {
			isa = PBXGroup;
			children = (
				F4C4BF63273793CB00DB13E8 /* CurrencyResponse.swift */,
			);
			path = response;
			sourceTree = "<group>";
		};
		F4F033B127378D2E004D685C /* util */ = {
			isa = PBXGroup;
			children = (
				F4F033B227378D50004D685C /* IpConfig.swift */,
				F4F033B627378DD7004D685C /* Constants.swift */,
				F4C4BF5F273791B200DB13E8 /* Custom_Sweet_alert.swift */,
				F4C4BF672737A10D00DB13E8 /* Custom_Progress_bar.swift */,
				F4C4BF692737A26800DB13E8 /* CheckNetwork.swift */,
			);
			path = util;
			sourceTree = "<group>";
		};
		F4F033B827378EA9004D685C /* viewmodel */ = {
			isa = PBXGroup;
			children = (
				F4C4BF65273798E700DB13E8 /* CurrencyViewModel.swift */,
			);
			path = viewmodel;
			sourceTree = "<group>";
		};
		F4F033B927378EB9004D685C /* protocol */ = {
			isa = PBXGroup;
			children = (
				F4C4BF612737937D00DB13E8 /* CurrencyProtocol.swift */,
			);
			path = protocol;
			sourceTree = "<group>";
		};
		F4F033BA27378EF3004D685C /* library */ = {
			isa = PBXGroup;
			children = (
				F4F033BB27378FB0004D685C /* SweetAlert.swift */,
			);
			path = library;
			sourceTree = "<group>";
		};
/* End PBXGroup section */

/* Begin PBXNativeTarget section */
		F4F03395273785D7004D685C /* CurrencyConversionIOSApp */ = {
			isa = PBXNativeTarget;
			buildConfigurationList = F4F033AD273785D8004D685C /* Build configuration list for PBXNativeTarget "CurrencyConversionIOSApp" */;
			buildPhases = (
				1A1DFD1025C6ABB803065EF6 /* [CP] Check Pods Manifest.lock */,
				F4F03392273785D7004D685C /* Sources */,
				F4F03393273785D7004D685C /* Frameworks */,
				F4F03394273785D7004D685C /* Resources */,
				2603BF002AC0AAC77313B18F /* [CP] Embed Pods Frameworks */,
			);
			buildRules = (
			);
			dependencies = (
			);
			name = CurrencyConversionIOSApp;
			productName = CurrencyConversionIOSApp;
			productReference = F4F03396273785D7004D685C /* CurrencyConversionIOSApp.app */;
			productType = "com.apple.product-type.application";
		};
/* End PBXNativeTarget section */

/* Begin PBXProject section */
		F4F0338E273785D7004D685C /* Project object */ = {
			isa = PBXProject;
			attributes = {
				BuildIndependentTargetsInParallel = 1;
				LastSwiftUpdateCheck = 1300;
				LastUpgradeCheck = 1300;
				TargetAttributes = {
					F4F03395273785D7004D685C = {
						CreatedOnToolsVersion = 13.0;
					};
				};
			};
			buildConfigurationList = F4F03391273785D7004D685C /* Build configuration list for PBXProject "CurrencyConversionIOSApp" */;
			compatibilityVersion = "Xcode 13.0";
			developmentRegion = en;
			hasScannedForEncodings = 0;
			knownRegions = (
				en,
				Base,
			);
			mainGroup = F4F0338D273785D7004D685C;
			productRefGroup = F4F03397273785D7004D685C /* Products */;
			projectDirPath = "";
			projectRoot = "";
			targets = (
				F4F03395273785D7004D685C /* CurrencyConversionIOSApp */,
			);
		};
/* End PBXProject section */

/* Begin PBXResourcesBuildPhase section */
		F4F03394273785D7004D685C /* Resources */ = {
			isa = PBXResourcesBuildPhase;
			buildActionMask = 2147483647;
			files = (
				F4F033A9273785D8004D685C /* LaunchScreen.storyboard in Resources */,
				F4F033A6273785D8004D685C /* Assets.xcassets in Resources */,
				F4F033A1273785D7004D685C /* Main.storyboard in Resources */,
			);
			runOnlyForDeploymentPostprocessing = 0;
		};
/* End PBXResourcesBuildPhase section */

/* Begin PBXShellScriptBuildPhase section */
		1A1DFD1025C6ABB803065EF6 /* [CP] Check Pods Manifest.lock */ = {
			isa = PBXShellScriptBuildPhase;
			buildActionMask = 2147483647;
			files = (
			);
			inputFileListPaths = (
			);
			inputPaths = (
				"${PODS_PODFILE_DIR_PATH}/Podfile.lock",
				"${PODS_ROOT}/Manifest.lock",
			);
			name = "[CP] Check Pods Manifest.lock";
			outputFileListPaths = (
			);
			outputPaths = (
				"$(DERIVED_FILE_DIR)/Pods-CurrencyConversionIOSApp-checkManifestLockResult.txt",
			);
			runOnlyForDeploymentPostprocessing = 0;
			shellPath = /bin/sh;
			shellScript = "diff \"${PODS_PODFILE_DIR_PATH}/Podfile.lock\" \"${PODS_ROOT}/Manifest.lock\" > /dev/null\nif [ $? != 0 ] ; then\n    # print error to STDERR\n    echo \"error: The sandbox is not in sync with the Podfile.lock. Run 'pod install' or update your CocoaPods installation.\" >&2\n    exit 1\nfi\n# This output is used by Xcode 'outputs' to avoid re-running this script phase.\necho \"SUCCESS\" > \"${SCRIPT_OUTPUT_FILE_0}\"\n";
			showEnvVarsInLog = 0;
		};
		2603BF002AC0AAC77313B18F /* [CP] Embed Pods Frameworks */ = {
			isa = PBXShellScriptBuildPhase;
			buildActionMask = 2147483647;
			files = (
			);
			inputFileListPaths = (
				"${PODS_ROOT}/Target Support Files/Pods-CurrencyConversionIOSApp/Pods-CurrencyConversionIOSApp-frameworks-${CONFIGURATION}-input-files.xcfilelist",
			);
			name = "[CP] Embed Pods Frameworks";
			outputFileListPaths = (
				"${PODS_ROOT}/Target Support Files/Pods-CurrencyConversionIOSApp/Pods-CurrencyConversionIOSApp-frameworks-${CONFIGURATION}-output-files.xcfilelist",
			);
			runOnlyForDeploymentPostprocessing = 0;
			shellPath = /bin/sh;
			shellScript = "\"${PODS_ROOT}/Target Support Files/Pods-CurrencyConversionIOSApp/Pods-CurrencyConversionIOSApp-frameworks.sh\"\n";
			showEnvVarsInLog = 0;
		};
/* End PBXShellScriptBuildPhase section */

/* Begin PBXSourcesBuildPhase section */
		F4F03392273785D7004D685C /* Sources */ = {
			isa = PBXSourcesBuildPhase;
			buildActionMask = 2147483647;
			files = (
				F4C4BF6A2737A26800DB13E8 /* CheckNetwork.swift in Sources */,
				F4F0339E273785D7004D685C /* ViewController.swift in Sources */,
				F4C4BF66273798E700DB13E8 /* CurrencyViewModel.swift in Sources */,
				F4F0339A273785D7004D685C /* AppDelegate.swift in Sources */,
				F4F033A4273785D7004D685C /* CurrencyConversionIOSApp.xcdatamodeld in Sources */,
				9A5190EC2738428B00E316DA /* CurrencyModel.swift in Sources */,
				F4C4BF64273793CB00DB13E8 /* CurrencyResponse.swift in Sources */,
				F4F033B327378D50004D685C /* IpConfig.swift in Sources */,
				F4F0339C273785D7004D685C /* SceneDelegate.swift in Sources */,
				F4C4BF682737A10D00DB13E8 /* Custom_Progress_bar.swift in Sources */,
				F4F033BC27378FB0004D685C /* SweetAlert.swift in Sources */,
				F4C4BF622737937D00DB13E8 /* CurrencyProtocol.swift in Sources */,
				F4C4BF60273791B200DB13E8 /* Custom_Sweet_alert.swift in Sources */,
				F4F033B727378DD7004D685C /* Constants.swift in Sources */,
				9A5190E9273841F500E316DA /* DBController.swift in Sources */,
			);
			runOnlyForDeploymentPostprocessing = 0;
		};
/* End PBXSourcesBuildPhase section */

/* Begin PBXVariantGroup section */
		F4F0339F273785D7004D685C /* Main.storyboard */ = {
			isa = PBXVariantGroup;
			children = (
				F4F033A0273785D7004D685C /* Base */,
			);
			name = Main.storyboard;
			sourceTree = "<group>";
		};
		F4F033A7273785D8004D685C /* LaunchScreen.storyboard */ = {
			isa = PBXVariantGroup;
			children = (
				F4F033A8273785D8004D685C /* Base */,
			);
			name = LaunchScreen.storyboard;
			sourceTree = "<group>";
		};
/* End PBXVariantGroup section */

/* Begin XCBuildConfiguration section */
		F4F033AB273785D8004D685C /* Debug */ = {
			isa = XCBuildConfiguration;
			buildSettings = {
				ALWAYS_SEARCH_USER_PATHS = NO;
				CLANG_ANALYZER_NONNULL = YES;
				CLANG_ANALYZER_NUMBER_OBJECT_CONVERSION = YES_AGGRESSIVE;
				CLANG_CXX_LANGUAGE_STANDARD = "gnu++17";
				CLANG_CXX_LIBRARY = "libc++";
				CLANG_ENABLE_MODULES = YES;
				CLANG_ENABLE_OBJC_ARC = YES;
				CLANG_ENABLE_OBJC_WEAK = YES;
				CLANG_WARN_BLOCK_CAPTURE_AUTORELEASING = YES;
				CLANG_WARN_BOOL_CONVERSION = YES;
				CLANG_WARN_COMMA = YES;
				CLANG_WARN_CONSTANT_CONVERSION = YES;
				CLANG_WARN_DEPRECATED_OBJC_IMPLEMENTATIONS = YES;
				CLANG_WARN_DIRECT_OBJC_ISA_USAGE = YES_ERROR;
				CLANG_WARN_DOCUMENTATION_COMMENTS = YES;
				CLANG_WARN_EMPTY_BODY = YES;
				CLANG_WARN_ENUM_CONVERSION = YES;
				CLANG_WARN_INFINITE_RECURSION = YES;
				CLANG_WARN_INT_CONVERSION = YES;
				CLANG_WARN_NON_LITERAL_NULL_CONVERSION = YES;
				CLANG_WARN_OBJC_IMPLICIT_RETAIN_SELF = YES;
				CLANG_WARN_OBJC_LITERAL_CONVERSION = YES;
				CLANG_WARN_OBJC_ROOT_CLASS = YES_ERROR;
				CLANG_WARN_QUOTED_INCLUDE_IN_FRAMEWORK_HEADER = YES;
				CLANG_WARN_RANGE_LOOP_ANALYSIS = YES;
				CLANG_WARN_STRICT_PROTOTYPES = YES;
				CLANG_WARN_SUSPICIOUS_MOVE = YES;
				CLANG_WARN_UNGUARDED_AVAILABILITY = YES_AGGRESSIVE;
				CLANG_WARN_UNREACHABLE_CODE = YES;
				CLANG_WARN__DUPLICATE_METHOD_MATCH = YES;
				COPY_PHASE_STRIP = NO;
				DEBUG_INFORMATION_FORMAT = dwarf;
				ENABLE_STRICT_OBJC_MSGSEND = YES;
				ENABLE_TESTABILITY = YES;
				GCC_C_LANGUAGE_STANDARD = gnu11;
				GCC_DYNAMIC_NO_PIC = NO;
				GCC_NO_COMMON_BLOCKS = YES;
				GCC_OPTIMIZATION_LEVEL = 0;
				GCC_PREPROCESSOR_DEFINITIONS = (
					"DEBUG=1",
					"$(inherited)",
				);
				GCC_WARN_64_TO_32_BIT_CONVERSION = YES;
				GCC_WARN_ABOUT_RETURN_TYPE = YES_ERROR;
				GCC_WARN_UNDECLARED_SELECTOR = YES;
				GCC_WARN_UNINITIALIZED_AUTOS = YES_AGGRESSIVE;
				GCC_WARN_UNUSED_FUNCTION = YES;
				GCC_WARN_UNUSED_VARIABLE = YES;
				IPHONEOS_DEPLOYMENT_TARGET = 15.0;
				MTL_ENABLE_DEBUG_INFO = INCLUDE_SOURCE;
				MTL_FAST_MATH = YES;
				ONLY_ACTIVE_ARCH = YES;
				SDKROOT = iphoneos;
				SWIFT_ACTIVE_COMPILATION_CONDITIONS = DEBUG;
				SWIFT_OPTIMIZATION_LEVEL = "-Onone";
			};
			name = Debug;
		};
		F4F033AC273785D8004D685C /* Release */ = {
			isa = XCBuildConfiguration;
			buildSettings = {
				ALWAYS_SEARCH_USER_PATHS = NO;
				CLANG_ANALYZER_NONNULL = YES;
				CLANG_ANALYZER_NUMBER_OBJECT_CONVERSION = YES_AGGRESSIVE;
				CLANG_CXX_LANGUAGE_STANDARD = "gnu++17";
				CLANG_CXX_LIBRARY = "libc++";
				CLANG_ENABLE_MODULES = YES;
				CLANG_ENABLE_OBJC_ARC = YES;
				CLANG_ENABLE_OBJC_WEAK = YES;
				CLANG_WARN_BLOCK_CAPTURE_AUTORELEASING = YES;
				CLANG_WARN_BOOL_CONVERSION = YES;
				CLANG_WARN_COMMA = YES;
				CLANG_WARN_CONSTANT_CONVERSION = YES;
				CLANG_WARN_DEPRECATED_OBJC_IMPLEMENTATIONS = YES;
				CLANG_WARN_DIRECT_OBJC_ISA_USAGE = YES_ERROR;
				CLANG_WARN_DOCUMENTATION_COMMENTS = YES;
				CLANG_WARN_EMPTY_BODY = YES;
				CLANG_WARN_ENUM_CONVERSION = YES;
				CLANG_WARN_INFINITE_RECURSION = YES;
				CLANG_WARN_INT_CONVERSION = YES;
				CLANG_WARN_NON_LITERAL_NULL_CONVERSION = YES;
				CLANG_WARN_OBJC_IMPLICIT_RETAIN_SELF = YES;
				CLANG_WARN_OBJC_LITERAL_CONVERSION = YES;
				CLANG_WARN_OBJC_ROOT_CLASS = YES_ERROR;
				CLANG_WARN_QUOTED_INCLUDE_IN_FRAMEWORK_HEADER = YES;
				CLANG_WARN_RANGE_LOOP_ANALYSIS = YES;
				CLANG_WARN_STRICT_PROTOTYPES = YES;
				CLANG_WARN_SUSPICIOUS_MOVE = YES;
				CLANG_WARN_UNGUARDED_AVAILABILITY = YES_AGGRESSIVE;
				CLANG_WARN_UNREACHABLE_CODE = YES;
				CLANG_WARN__DUPLICATE_METHOD_MATCH = YES;
				COPY_PHASE_STRIP = NO;
				DEBUG_INFORMATION_FORMAT = "dwarf-with-dsym";
				ENABLE_NS_ASSERTIONS = NO;
				ENABLE_STRICT_OBJC_MSGSEND = YES;
				GCC_C_LANGUAGE_STANDARD = gnu11;
				GCC_NO_COMMON_BLOCKS = YES;
				GCC_WARN_64_TO_32_BIT_CONVERSION = YES;
				GCC_WARN_ABOUT_RETURN_TYPE = YES_ERROR;
				GCC_WARN_UNDECLARED_SELECTOR = YES;
				GCC_WARN_UNINITIALIZED_AUTOS = YES_AGGRESSIVE;
				GCC_WARN_UNUSED_FUNCTION = YES;
				GCC_WARN_UNUSED_VARIABLE = YES;
				IPHONEOS_DEPLOYMENT_TARGET = 15.0;
				MTL_ENABLE_DEBUG_INFO = NO;
				MTL_FAST_MATH = YES;
				SDKROOT = iphoneos;
				SWIFT_COMPILATION_MODE = wholemodule;
				SWIFT_OPTIMIZATION_LEVEL = "-O";
				VALIDATE_PRODUCT = YES;
			};
			name = Release;
		};
		F4F033AE273785D8004D685C /* Debug */ = {
			isa = XCBuildConfiguration;
			baseConfigurationReference = 9E7B081B70FD5D42850148B0 /* Pods-CurrencyConversionIOSApp.debug.xcconfig */;
			buildSettings = {
				APPLICATION_EXTENSION_API_ONLY = NO;
				ASSETCATALOG_COMPILER_APPICON_NAME = AppIcon;
				ASSETCATALOG_COMPILER_GLOBAL_ACCENT_COLOR_NAME = AccentColor;
				CODE_SIGN_STYLE = Automatic;
				CURRENT_PROJECT_VERSION = 1;
				GENERATE_INFOPLIST_FILE = YES;
				INFOPLIST_FILE = CurrencyConversionIOSApp/Info.plist;
				INFOPLIST_KEY_UIApplicationSupportsIndirectInputEvents = YES;
				INFOPLIST_KEY_UILaunchStoryboardName = LaunchScreen;
				INFOPLIST_KEY_UIMainStoryboardFile = Main;
				INFOPLIST_KEY_UISupportedInterfaceOrientations_iPad = "UIInterfaceOrientationPortrait UIInterfaceOrientationPortraitUpsideDown UIInterfaceOrientationLandscapeLeft UIInterfaceOrientationLandscapeRight";
				INFOPLIST_KEY_UISupportedInterfaceOrientations_iPhone = "UIInterfaceOrientationPortrait UIInterfaceOrientationLandscapeLeft UIInterfaceOrientationLandscapeRight";
				LD_RUNPATH_SEARCH_PATHS = (
					"$(inherited)",
					"@executable_path/Frameworks",
				);
				MARKETING_VERSION = 1.0;
				PRODUCT_BUNDLE_IDENTIFIER = com.era.app.CurrencyConversionIOSApp;
				PRODUCT_NAME = "$(TARGET_NAME)";
				SWIFT_EMIT_LOC_STRINGS = YES;
				SWIFT_VERSION = 5.0;
				TARGETED_DEVICE_FAMILY = "1,2";
			};
			name = Debug;
		};
		F4F033AF273785D8004D685C /* Release */ = {
			isa = XCBuildConfiguration;
			baseConfigurationReference = 16558D149ED110C8895AB002 /* Pods-CurrencyConversionIOSApp.release.xcconfig */;
			buildSettings = {
				APPLICATION_EXTENSION_API_ONLY = NO;
				ASSETCATALOG_COMPILER_APPICON_NAME = AppIcon;
				ASSETCATALOG_COMPILER_GLOBAL_ACCENT_COLOR_NAME = AccentColor;
				CODE_SIGN_STYLE = Automatic;
				CURRENT_PROJECT_VERSION = 1;
				GENERATE_INFOPLIST_FILE = YES;
				INFOPLIST_FILE = CurrencyConversionIOSApp/Info.plist;
				INFOPLIST_KEY_UIApplicationSupportsIndirectInputEvents = YES;
				INFOPLIST_KEY_UILaunchStoryboardName = LaunchScreen;
				INFOPLIST_KEY_UIMainStoryboardFile = Main;
				INFOPLIST_KEY_UISupportedInterfaceOrientations_iPad = "UIInterfaceOrientationPortrait UIInterfaceOrientationPortraitUpsideDown UIInterfaceOrientationLandscapeLeft UIInterfaceOrientationLandscapeRight";
				INFOPLIST_KEY_UISupportedInterfaceOrientations_iPhone = "UIInterfaceOrientationPortrait UIInterfaceOrientationLandscapeLeft UIInterfaceOrientationLandscapeRight";
				LD_RUNPATH_SEARCH_PATHS = (
					"$(inherited)",
					"@executable_path/Frameworks",
				);
				MARKETING_VERSION = 1.0;
				PRODUCT_BUNDLE_IDENTIFIER = com.era.app.CurrencyConversionIOSApp;
				PRODUCT_NAME = "$(TARGET_NAME)";
				SWIFT_EMIT_LOC_STRINGS = YES;
				SWIFT_VERSION = 5.0;
				TARGETED_DEVICE_FAMILY = "1,2";
			};
			name = Release;
		};
/* End XCBuildConfiguration section */

/* Begin XCConfigurationList section */
		F4F03391273785D7004D685C /* Build configuration list for PBXProject "CurrencyConversionIOSApp" */ = {
			isa = XCConfigurationList;
			buildConfigurations = (
				F4F033AB273785D8004D685C /* Debug */,
				F4F033AC273785D8004D685C /* Release */,
			);
			defaultConfigurationIsVisible = 0;
			defaultConfigurationName = Release;
		};
		F4F033AD273785D8004D685C /* Build configuration list for PBXNativeTarget "CurrencyConversionIOSApp" */ = {
			isa = XCConfigurationList;
			buildConfigurations = (
				F4F033AE273785D8004D685C /* Debug */,
				F4F033AF273785D8004D685C /* Release */,
			);
			defaultConfigurationIsVisible = 0;
			defaultConfigurationName = Release;
		};
/* End XCConfigurationList section */

/* Begin XCVersionGroup section */
		F4F033A2273785D7004D685C /* CurrencyConversionIOSApp.xcdatamodeld */ = {
			isa = XCVersionGroup;
			children = (
				F4F033A3273785D7004D685C /* CurrencyConversionIOSApp.xcdatamodel */,
			);
			currentVersion = F4F033A3273785D7004D685C /* CurrencyConversionIOSApp.xcdatamodel */;
			path = CurrencyConversionIOSApp.xcdatamodeld;
			sourceTree = "<group>";
			versionGroupType = wrapper.xcdatamodel;
		};
/* End XCVersionGroup section */
	};
	rootObject = F4F0338E273785D7004D685C /* Project object */;
}
